
Microsoft Visual Studio Solution File, Format Version 12.00
# Visual Studio 2012
Project("{FAE04EC0-301F-11D3-BF4B-00C04F79EFBC}") = "Ej01", "Ej01\Ej01.csproj", "{231F7245-DAEA-4F53-8725-67122376444A}"
EndProject
Project("{FAE04EC0-301F-11D3-BF4B-00C04F79EFBC}") = "Ej02", "Ej02\Ej02.csproj", "{B942AB23-FE2B-4476-8413-5DB913F86B11}"
EndProject
Project("{FAE04EC0-301F-11D3-BF4B-00C04F79EFBC}") = "Ej03", "Ej03\Ej03.csproj", "{5367D5D3-AB1B-4365-A083-66410B0669B2}"
EndProject
Project("{FAE04EC0-301F-11D3-BF4B-00C04F79EFBC}") = "Ej05-CentroNumerico", "Ej05-CentroNumerico\Ej05-CentroNumerico.csproj", "{5E013B8C-F2F3-49F5-B4BA-0D3200FA67C1}"
EndProject
Project("{FAE04EC0-301F-11D3-BF4B-00C04F79EFBC}") = "Ej06-AñoBisiesto", "Ej06-AñoBisiesto\Ej06-AñoBisiesto.csproj", "{923F7579-48F1-4FA8-8C1E-A8A938DB0F03}"
EndProject
Project("{FAE04EC0-301F-11D3-BF4B-00C04F79EFBC}") = "Ej07-DiasVividos", "Ej07-DiasVividos\Ej07-DiasVividos.csproj", "{D9BD746B-0FB5-4E5F-B0A5-1800B41663AC}"
EndProject
Project("{FAE04EC0-301F-11D3-BF4B-00C04F79EFBC}") = "Ej09-Piramide", "Ej09-Piramide\Ej09-Piramide.csproj", "{DE368748-0C1B-4F00-9BF3-B277CF5C6C75}"
EndProject
Project("{FAE04EC0-301F-11D3-BF4B-00C04F79EFBC}") = "Ej10-Piramide2", "Ej10-Piramide2\Ej10-Piramide2.csproj", "{6A036036-C6CA-454C-A14B-1002E3B5063F}"
EndProject
Project("{FAE04EC0-301F-11D3-BF4B-00C04F79EFBC}") = "Ej11-Validacion", "Ej11-Validacion\Ej11-Validacion.csproj", "{1398FC9A-179F-4D9E-83F4-A6BC3738EFBA}"
EndProject
Project("{FAE04EC0-301F-11D3-BF4B-00C04F79EFBC}") = "Ej12-Validacion2", "Ej12-Validacion2\Ej12-Validacion2.csproj", "{22F86756-6998-4537-9F97-301B9DB464B1}"
EndProject
Project("{FAE04EC0-301F-11D3-BF4B-00C04F79EFBC}") = "Ej13-Conversor", "Ej13-Conversor\Ej13-Conversor.csproj", "{2B02D9CF-17E7-418D-B243-1DED1376E744}"
EndProject
Project("{FAE04EC0-301F-11D3-BF4B-00C04F79EFBC}") = "Ej14-Area", "Ej14-Area\Ej14-Area.csproj", "{9EB78549-E66C-4315-8444-E36E3FDE78FC}"
EndProject
Project("{FAE04EC0-301F-11D3-BF4B-00C04F79EFBC}") = "EJ15-Calculadora", "EJ15-Calculadora\EJ15-Calculadora.csproj", "{F79FD6E0-10D9-4F17-89B9-DDA3539F4701}"
EndProject
Project("{FAE04EC0-301F-11D3-BF4B-00C04F79EFBC}") = "Ej16-Alumnos", "Ej16-Alumnos\Ej16-Alumnos.csproj", "{A847EBBB-2A87-4241-8390-774EA11E1D37}"
EndProject
Project("{FAE04EC0-301F-11D3-BF4B-00C04F79EFBC}") = "Ej17-Cuentas", "Ej17-Cuentas\Ej17-Cuentas.csproj", "{1AA0B885-903B-41D2-B1EC-A8E94480D8B5}"
EndProject
Project("{FAE04EC0-301F-11D3-BF4B-00C04F79EFBC}") = "Ej18-Computadora", "Ej18-Computadora\Ej18-Computadora.csproj", "{CA3DC011-DAD7-4308-B763-1B3AC8846607}"
EndProject
Project("{FAE04EC0-301F-11D3-BF4B-00C04F79EFBC}") = "Ej04", "Ej04\Ej04.csproj", "{054F119D-D519-4ECF-8413-27395B566869}"
EndProject
Project("{FAE04EC0-301F-11D3-BF4B-00C04F79EFBC}") = "Ej08-Empleados", "Ej08-Empleados\Ej08-Empleados.csproj", "{0976A829-C11A-468A-93C8-46DE8C21F817}"
EndProject
Project("{FAE04EC0-301F-11D3-BF4B-00C04F79EFBC}") = "Ej19-Boligrafos", "Ej19-Boligrafos\Ej19-Boligrafos.csproj", "{7509F2E3-92F7-4C8E-BA68-28C662DF6091}"
EndProject
Project("{FAE04EC0-301F-11D3-BF4B-00C04F79EFBC}") = "Ej20-PruebaGeometria", "Ej20-Geometria\Ej20-PruebaGeometria.csproj", "{1EEC98D2-CE94-4561-A07B-1A9541821E83}"
EndProject
Project("{FAE04EC0-301F-11D3-BF4B-00C04F79EFBC}") = "Ej21-Monedas", "Ej21-Monedas\Ej21-Monedas.csproj", "{2B371C83-FDD4-46DE-BA61-6F93398E088A}"
EndProject
Global
	GlobalSection(SolutionConfigurationPlatforms) = preSolution
		Debug|Any CPU = Debug|Any CPU
		Release|Any CPU = Release|Any CPU
	EndGlobalSection
	GlobalSection(ProjectConfigurationPlatforms) = postSolution
		{231F7245-DAEA-4F53-8725-67122376444A}.Debug|Any CPU.ActiveCfg = Debug|Any CPU
		{231F7245-DAEA-4F53-8725-67122376444A}.Debug|Any CPU.Build.0 = Debug|Any CPU
		{231F7245-DAEA-4F53-8725-67122376444A}.Release|Any CPU.ActiveCfg = Release|Any CPU
		{231F7245-DAEA-4F53-8725-67122376444A}.Release|Any CPU.Build.0 = Release|Any CPU
		{B942AB23-FE2B-4476-8413-5DB913F86B11}.Debug|Any CPU.ActiveCfg = Debug|Any CPU
		{B942AB23-FE2B-4476-8413-5DB913F86B11}.Debug|Any CPU.Build.0 = Debug|Any CPU
		{B942AB23-FE2B-4476-8413-5DB913F86B11}.Release|Any CPU.ActiveCfg = Release|Any CPU
		{B942AB23-FE2B-4476-8413-5DB913F86B11}.Release|Any CPU.Build.0 = Release|Any CPU
		{5367D5D3-AB1B-4365-A083-66410B0669B2}.Debug|Any CPU.ActiveCfg = Debug|Any CPU
		{5367D5D3-AB1B-4365-A083-66410B0669B2}.Debug|Any CPU.Build.0 = Debug|Any CPU
		{5367D5D3-AB1B-4365-A083-66410B0669B2}.Release|Any CPU.ActiveCfg = Release|Any CPU
		{5367D5D3-AB1B-4365-A083-66410B0669B2}.Release|Any CPU.Build.0 = Release|Any CPU
		{5E013B8C-F2F3-49F5-B4BA-0D3200FA67C1}.Debug|Any CPU.ActiveCfg = Debug|Any CPU
		{5E013B8C-F2F3-49F5-B4BA-0D3200FA67C1}.Debug|Any CPU.Build.0 = Debug|Any CPU
		{5E013B8C-F2F3-49F5-B4BA-0D3200FA67C1}.Release|Any CPU.ActiveCfg = Release|Any CPU
		{5E013B8C-F2F3-49F5-B4BA-0D3200FA67C1}.Release|Any CPU.Build.0 = Release|Any CPU
		{923F7579-48F1-4FA8-8C1E-A8A938DB0F03}.Debug|Any CPU.ActiveCfg = Debug|Any CPU
		{923F7579-48F1-4FA8-8C1E-A8A938DB0F03}.Debug|Any CPU.Build.0 = Debug|Any CPU
		{923F7579-48F1-4FA8-8C1E-A8A938DB0F03}.Release|Any CPU.ActiveCfg = Release|Any CPU
		{923F7579-48F1-4FA8-8C1E-A8A938DB0F03}.Release|Any CPU.Build.0 = Release|Any CPU
		{D9BD746B-0FB5-4E5F-B0A5-1800B41663AC}.Debug|Any CPU.ActiveCfg = Debug|Any CPU
		{D9BD746B-0FB5-4E5F-B0A5-1800B41663AC}.Debug|Any CPU.Build.0 = Debug|Any CPU
		{D9BD746B-0FB5-4E5F-B0A5-1800B41663AC}.Release|Any CPU.ActiveCfg = Release|Any CPU
		{D9BD746B-0FB5-4E5F-B0A5-1800B41663AC}.Release|Any CPU.Build.0 = Release|Any CPU
		{DE368748-0C1B-4F00-9BF3-B277CF5C6C75}.Debug|Any CPU.ActiveCfg = Debug|Any CPU
		{DE368748-0C1B-4F00-9BF3-B277CF5C6C75}.Debug|Any CPU.Build.0 = Debug|Any CPU
		{DE368748-0C1B-4F00-9BF3-B277CF5C6C75}.Release|Any CPU.ActiveCfg = Release|Any CPU
		{DE368748-0C1B-4F00-9BF3-B277CF5C6C75}.Release|Any CPU.Build.0 = Release|Any CPU
		{6A036036-C6CA-454C-A14B-1002E3B5063F}.Debug|Any CPU.ActiveCfg = Debug|Any CPU
		{6A036036-C6CA-454C-A14B-1002E3B5063F}.Debug|Any CPU.Build.0 = Debug|Any CPU
		{6A036036-C6CA-454C-A14B-1002E3B5063F}.Release|Any CPU.ActiveCfg = Release|Any CPU
		{6A036036-C6CA-454C-A14B-1002E3B5063F}.Release|Any CPU.Build.0 = Release|Any CPU
		{1398FC9A-179F-4D9E-83F4-A6BC3738EFBA}.Debug|Any CPU.ActiveCfg = Debug|Any CPU
		{1398FC9A-179F-4D9E-83F4-A6BC3738EFBA}.Debug|Any CPU.Build.0 = Debug|Any CPU
		{1398FC9A-179F-4D9E-83F4-A6BC3738EFBA}.Release|Any CPU.ActiveCfg = Release|Any CPU
		{1398FC9A-179F-4D9E-83F4-A6BC3738EFBA}.Release|Any CPU.Build.0 = Release|Any CPU
		{22F86756-6998-4537-9F97-301B9DB464B1}.Debug|Any CPU.ActiveCfg = Debug|Any CPU
		{22F86756-6998-4537-9F97-301B9DB464B1}.Debug|Any CPU.Build.0 = Debug|Any CPU
		{22F86756-6998-4537-9F97-301B9DB464B1}.Release|Any CPU.ActiveCfg = Release|Any CPU
		{22F86756-6998-4537-9F97-301B9DB464B1}.Release|Any CPU.Build.0 = Release|Any CPU
		{2B02D9CF-17E7-418D-B243-1DED1376E744}.Debug|Any CPU.ActiveCfg = Debug|Any CPU
		{2B02D9CF-17E7-418D-B243-1DED1376E744}.Debug|Any CPU.Build.0 = Debug|Any CPU
		{2B02D9CF-17E7-418D-B243-1DED1376E744}.Release|Any CPU.ActiveCfg = Release|Any CPU
		{2B02D9CF-17E7-418D-B243-1DED1376E744}.Release|Any CPU.Build.0 = Release|Any CPU
		{9EB78549-E66C-4315-8444-E36E3FDE78FC}.Debug|Any CPU.ActiveCfg = Debug|Any CPU
		{9EB78549-E66C-4315-8444-E36E3FDE78FC}.Debug|Any CPU.Build.0 = Debug|Any CPU
		{9EB78549-E66C-4315-8444-E36E3FDE78FC}.Release|Any CPU.ActiveCfg = Release|Any CPU
		{9EB78549-E66C-4315-8444-E36E3FDE78FC}.Release|Any CPU.Build.0 = Release|Any CPU
		{F79FD6E0-10D9-4F17-89B9-DDA3539F4701}.Debug|Any CPU.ActiveCfg = Debug|Any CPU
		{F79FD6E0-10D9-4F17-89B9-DDA3539F4701}.Debug|Any CPU.Build.0 = Debug|Any CPU
		{F79FD6E0-10D9-4F17-89B9-DDA3539F4701}.Release|Any CPU.ActiveCfg = Release|Any CPU
		{F79FD6E0-10D9-4F17-89B9-DDA3539F4701}.Release|Any CPU.Build.0 = Release|Any CPU
		{A847EBBB-2A87-4241-8390-774EA11E1D37}.Debug|Any CPU.ActiveCfg = Debug|Any CPU
		{A847EBBB-2A87-4241-8390-774EA11E1D37}.Debug|Any CPU.Build.0 = Debug|Any CPU
		{A847EBBB-2A87-4241-8390-774EA11E1D37}.Release|Any CPU.ActiveCfg = Release|Any CPU
		{A847EBBB-2A87-4241-8390-774EA11E1D37}.Release|Any CPU.Build.0 = Release|Any CPU
		{1AA0B885-903B-41D2-B1EC-A8E94480D8B5}.Debug|Any CPU.ActiveCfg = Debug|Any CPU
		{1AA0B885-903B-41D2-B1EC-A8E94480D8B5}.Debug|Any CPU.Build.0 = Debug|Any CPU
		{1AA0B885-903B-41D2-B1EC-A8E94480D8B5}.Release|Any CPU.ActiveCfg = Release|Any CPU
		{1AA0B885-903B-41D2-B1EC-A8E94480D8B5}.Release|Any CPU.Build.0 = Release|Any CPU
		{CA3DC011-DAD7-4308-B763-1B3AC8846607}.Debug|Any CPU.ActiveCfg = Debug|Any CPU
		{CA3DC011-DAD7-4308-B763-1B3AC8846607}.Debug|Any CPU.Build.0 = Debug|Any CPU
		{CA3DC011-DAD7-4308-B763-1B3AC8846607}.Release|Any CPU.ActiveCfg = Release|Any CPU
		{CA3DC011-DAD7-4308-B763-1B3AC8846607}.Release|Any CPU.Build.0 = Release|Any CPU
		{054F119D-D519-4ECF-8413-27395B566869}.Debug|Any CPU.ActiveCfg = Debug|Any CPU
		{054F119D-D519-4ECF-8413-27395B566869}.Debug|Any CPU.Build.0 = Debug|Any CPU
		{054F119D-D519-4ECF-8413-27395B566869}.Release|Any CPU.ActiveCfg = Release|Any CPU
		{054F119D-D519-4ECF-8413-27395B566869}.Release|Any CPU.Build.0 = Release|Any CPU
		{0976A829-C11A-468A-93C8-46DE8C21F817}.Debug|Any CPU.ActiveCfg = Debug|Any CPU
		{0976A829-C11A-468A-93C8-46DE8C21F817}.Debug|Any CPU.Build.0 = Debug|Any CPU
		{0976A829-C11A-468A-93C8-46DE8C21F817}.Release|Any CPU.ActiveCfg = Release|Any CPU
		{0976A829-C11A-468A-93C8-46DE8C21F817}.Release|Any CPU.Build.0 = Release|Any CPU
		{7509F2E3-92F7-4C8E-BA68-28C662DF6091}.Debug|Any CPU.ActiveCfg = Debug|Any CPU
		{7509F2E3-92F7-4C8E-BA68-28C662DF6091}.Debug|Any CPU.Build.0 = Debug|Any CPU
		{7509F2E3-92F7-4C8E-BA68-28C662DF6091}.Release|Any CPU.ActiveCfg = Release|Any CPU
		{7509F2E3-92F7-4C8E-BA68-28C662DF6091}.Release|Any CPU.Build.0 = Release|Any CPU
		{1EEC98D2-CE94-4561-A07B-1A9541821E83}.Debug|Any CPU.ActiveCfg = Debug|Any CPU
		{1EEC98D2-CE94-4561-A07B-1A9541821E83}.Debug|Any CPU.Build.0 = Debug|Any CPU
		{1EEC98D2-CE94-4561-A07B-1A9541821E83}.Release|Any CPU.ActiveCfg = Release|Any CPU
		{1EEC98D2-CE94-4561-A07B-1A9541821E83}.Release|Any CPU.Build.0 = Release|Any CPU
		{2B371C83-FDD4-46DE-BA61-6F93398E088A}.Debug|Any CPU.ActiveCfg = Debug|Any CPU
		{2B371C83-FDD4-46DE-BA61-6F93398E088A}.Debug|Any CPU.Build.0 = Debug|Any CPU
		{2B371C83-FDD4-46DE-BA61-6F93398E088A}.Release|Any CPU.ActiveCfg = Release|Any CPU
		{2B371C83-FDD4-46DE-BA61-6F93398E088A}.Release|Any CPU.Build.0 = Release|Any CPU
	EndGlobalSection
	GlobalSection(SolutionProperties) = preSolution
		HideSolutionNode = FALSE
	EndGlobalSection
EndGlobal
